// !$*UTF8*$!
{
	archiveVersion = 1;
	classes = {
	};
	objectVersion = 56;
	objects = {

/* Begin PBXBuildFile section */
		C438D8AF2D084DA900EEBB45 /* TestView.swift in Sources */ = {isa = PBXBuildFile; fileRef = C438D8AE2D084DA900EEBB45 /* TestView.swift */; };
		C4477EB42BFDEEF600600F57 /* AdminNotificationView.swift in Sources */ = {isa = PBXBuildFile; fileRef = C4477EB32BFDEEF600600F57 /* AdminNotificationView.swift */; };
		C4477EBD2BFE4AE900600F57 /* NotificationManager.swift in Sources */ = {isa = PBXBuildFile; fileRef = C4477EBC2BFE4AE900600F57 /* NotificationManager.swift */; };
		C4477EBF2BFF9A5200600F57 /* NewNotificationView.swift in Sources */ = {isa = PBXBuildFile; fileRef = C4477EBE2BFF9A5200600F57 /* NewNotificationView.swift */; };
		C4477EC42C00F69800600F57 /* UserNotificationView.swift in Sources */ = {isa = PBXBuildFile; fileRef = C4477EC32C00F69800600F57 /* UserNotificationView.swift */; };
		C4477EC72C00F9AD00600F57 /* NotificationRow.swift in Sources */ = {isa = PBXBuildFile; fileRef = C4477EC62C00F9AD00600F57 /* NotificationRow.swift */; };
		C4477EC92C01015A00600F57 /* NotificationsViewModel.swift in Sources */ = {isa = PBXBuildFile; fileRef = C4477EC82C01015A00600F57 /* NotificationsViewModel.swift */; };
		C4477ECD2C01CF8500600F57 /* RequestManager.swift in Sources */ = {isa = PBXBuildFile; fileRef = C4477ECC2C01CF8500600F57 /* RequestManager.swift */; };
		C4477ED02C02026300600F57 /* RequestView.swift in Sources */ = {isa = PBXBuildFile; fileRef = C4477ECF2C02026300600F57 /* RequestView.swift */; };
		C457FE5C2C032B67002DE4EF /* DormitoryEnums.swift in Sources */ = {isa = PBXBuildFile; fileRef = C457FE5B2C032B67002DE4EF /* DormitoryEnums.swift */; };
		C45A95DF2BF5DF3A0048B93B /* SignUpEmailView.swift in Sources */ = {isa = PBXBuildFile; fileRef = C45A95DE2BF5DF3A0048B93B /* SignUpEmailView.swift */; };
		C45A95E52BF646D20048B93B /* AuthManager.swift in Sources */ = {isa = PBXBuildFile; fileRef = C45A95E42BF646D20048B93B /* AuthManager.swift */; };
		C45A95E72BF6877F0048B93B /* RootView.swift in Sources */ = {isa = PBXBuildFile; fileRef = C45A95E62BF6877F0048B93B /* RootView.swift */; };
		C45A95E92BF6905D0048B93B /* SettingsView.swift in Sources */ = {isa = PBXBuildFile; fileRef = C45A95E82BF6905D0048B93B /* SettingsView.swift */; };
		C45CC6AF2BFCBC9C00A19317 /* SettingsViewModel.swift in Sources */ = {isa = PBXBuildFile; fileRef = C45CC6AE2BFCBC9C00A19317 /* SettingsViewModel.swift */; };
		C45CC6B82BFCBDF400A19317 /* ProfileView.swift in Sources */ = {isa = PBXBuildFile; fileRef = C45CC6B72BFCBDF400A19317 /* ProfileView.swift */; };
		C45CC6BB2BFCC20000A19317 /* UserManager.swift in Sources */ = {isa = PBXBuildFile; fileRef = C45CC6BA2BFCC20000A19317 /* UserManager.swift */; };
		C45CFD842D0747490066FBD6 /* RootViewModel.swift in Sources */ = {isa = PBXBuildFile; fileRef = C45CFD832D0747490066FBD6 /* RootViewModel.swift */; };
		C45CFD862D074B790066FBD6 /* AuthenticationViewModel.swift in Sources */ = {isa = PBXBuildFile; fileRef = C45CFD852D074B790066FBD6 /* AuthenticationViewModel.swift */; };
		C465B50A2BFCED120059CF12 /* CustomModifiers.swift in Sources */ = {isa = PBXBuildFile; fileRef = C465B5092BFCED120059CF12 /* CustomModifiers.swift */; };
		C465B50E2BFCED700059CF12 /* LogInEmailView.swift in Sources */ = {isa = PBXBuildFile; fileRef = C465B50D2BFCED700059CF12 /* LogInEmailView.swift */; };
		C465B5102BFD29D30059CF12 /* Database.swift in Sources */ = {isa = PBXBuildFile; fileRef = C465B50F2BFD29D30059CF12 /* Database.swift */; };
		C465B5172BFD30480059CF12 /* DormitoriesManager.swift in Sources */ = {isa = PBXBuildFile; fileRef = C465B5162BFD30480059CF12 /* DormitoriesManager.swift */; };
		C46FCBCC2BF38BA0007B6E18 /* FirebaseAnalytics in Frameworks */ = {isa = PBXBuildFile; productRef = C46FCBCB2BF38BA0007B6E18 /* FirebaseAnalytics */; };
		C46FCBCE2BF38BA0007B6E18 /* FirebaseAnalyticsSwift in Frameworks */ = {isa = PBXBuildFile; productRef = C46FCBCD2BF38BA0007B6E18 /* FirebaseAnalyticsSwift */; };
		C46FCBD02BF38BA0007B6E18 /* FirebaseAuth in Frameworks */ = {isa = PBXBuildFile; productRef = C46FCBCF2BF38BA0007B6E18 /* FirebaseAuth */; };
		C46FCBD22BF38BA0007B6E18 /* FirebaseFirestore in Frameworks */ = {isa = PBXBuildFile; productRef = C46FCBD12BF38BA0007B6E18 /* FirebaseFirestore */; };
		C46FCBD42BF38BA0007B6E18 /* FirebaseFirestoreSwift in Frameworks */ = {isa = PBXBuildFile; productRef = C46FCBD32BF38BA0007B6E18 /* FirebaseFirestoreSwift */; };
		C49ED22B2BEA864C0041CBE1 /* DormitoryApp.swift in Sources */ = {isa = PBXBuildFile; fileRef = C49ED22A2BEA864C0041CBE1 /* DormitoryApp.swift */; };
		C49ED22F2BEA864E0041CBE1 /* Assets.xcassets in Resources */ = {isa = PBXBuildFile; fileRef = C49ED22E2BEA864E0041CBE1 /* Assets.xcassets */; };
		C49ED2322BEA864E0041CBE1 /* Preview Assets.xcassets in Resources */ = {isa = PBXBuildFile; fileRef = C49ED2312BEA864E0041CBE1 /* Preview Assets.xcassets */; };
		C49ED23B2BEA891B0041CBE1 /* GoogleService-Info.plist in Resources */ = {isa = PBXBuildFile; fileRef = C49ED23A2BEA891A0041CBE1 /* GoogleService-Info.plist */; };
		C4CA590E2C020D4400B53241 /* RequestRow.swift in Sources */ = {isa = PBXBuildFile; fileRef = C4CA590D2C020D4400B53241 /* RequestRow.swift */; };
		C4CA59102C020D7200B53241 /* RequestViewModel.swift in Sources */ = {isa = PBXBuildFile; fileRef = C4CA590F2C020D7200B53241 /* RequestViewModel.swift */; };
		C4CA59122C020F0400B53241 /* NewRequestView.swift in Sources */ = {isa = PBXBuildFile; fileRef = C4CA59112C020F0400B53241 /* NewRequestView.swift */; };
		C4CA59142C021B9400B53241 /* ProfileViewModel.swift in Sources */ = {isa = PBXBuildFile; fileRef = C4CA59132C021B9400B53241 /* ProfileViewModel.swift */; };
/* End PBXBuildFile section */

/* Begin PBXFileReference section */
		C438D8AE2D084DA900EEBB45 /* TestView.swift */ = {isa = PBXFileReference; lastKnownFileType = sourcecode.swift; path = TestView.swift; sourceTree = "<group>"; };
		C4477EB32BFDEEF600600F57 /* AdminNotificationView.swift */ = {isa = PBXFileReference; lastKnownFileType = sourcecode.swift; path = AdminNotificationView.swift; sourceTree = "<group>"; };
		C4477EBC2BFE4AE900600F57 /* NotificationManager.swift */ = {isa = PBXFileReference; lastKnownFileType = sourcecode.swift; path = NotificationManager.swift; sourceTree = "<group>"; };
		C4477EBE2BFF9A5200600F57 /* NewNotificationView.swift */ = {isa = PBXFileReference; lastKnownFileType = sourcecode.swift; path = NewNotificationView.swift; sourceTree = "<group>"; };
		C4477EC32C00F69800600F57 /* UserNotificationView.swift */ = {isa = PBXFileReference; lastKnownFileType = sourcecode.swift; path = UserNotificationView.swift; sourceTree = "<group>"; };
		C4477EC62C00F9AD00600F57 /* NotificationRow.swift */ = {isa = PBXFileReference; lastKnownFileType = sourcecode.swift; path = NotificationRow.swift; sourceTree = "<group>"; };
		C4477EC82C01015A00600F57 /* NotificationsViewModel.swift */ = {isa = PBXFileReference; lastKnownFileType = sourcecode.swift; path = NotificationsViewModel.swift; sourceTree = "<group>"; };
		C4477ECC2C01CF8500600F57 /* RequestManager.swift */ = {isa = PBXFileReference; lastKnownFileType = sourcecode.swift; path = RequestManager.swift; sourceTree = "<group>"; };
		C4477ECF2C02026300600F57 /* RequestView.swift */ = {isa = PBXFileReference; lastKnownFileType = sourcecode.swift; path = RequestView.swift; sourceTree = "<group>"; };
		C457FE5B2C032B67002DE4EF /* DormitoryEnums.swift */ = {isa = PBXFileReference; lastKnownFileType = sourcecode.swift; path = DormitoryEnums.swift; sourceTree = "<group>"; };
		C45A95DE2BF5DF3A0048B93B /* SignUpEmailView.swift */ = {isa = PBXFileReference; lastKnownFileType = sourcecode.swift; path = SignUpEmailView.swift; sourceTree = "<group>"; };
		C45A95E42BF646D20048B93B /* AuthManager.swift */ = {isa = PBXFileReference; lastKnownFileType = sourcecode.swift; path = AuthManager.swift; sourceTree = "<group>"; };
		C45A95E62BF6877F0048B93B /* RootView.swift */ = {isa = PBXFileReference; lastKnownFileType = sourcecode.swift; path = RootView.swift; sourceTree = "<group>"; };
		C45A95E82BF6905D0048B93B /* SettingsView.swift */ = {isa = PBXFileReference; lastKnownFileType = sourcecode.swift; path = SettingsView.swift; sourceTree = "<group>"; };
		C45CC6AE2BFCBC9C00A19317 /* SettingsViewModel.swift */ = {isa = PBXFileReference; lastKnownFileType = sourcecode.swift; path = SettingsViewModel.swift; sourceTree = "<group>"; };
		C45CC6B72BFCBDF400A19317 /* ProfileView.swift */ = {isa = PBXFileReference; lastKnownFileType = sourcecode.swift; path = ProfileView.swift; sourceTree = "<group>"; };
		C45CC6BA2BFCC20000A19317 /* UserManager.swift */ = {isa = PBXFileReference; lastKnownFileType = sourcecode.swift; path = UserManager.swift; sourceTree = "<group>"; };
		C45CFD832D0747490066FBD6 /* RootViewModel.swift */ = {isa = PBXFileReference; lastKnownFileType = sourcecode.swift; path = RootViewModel.swift; sourceTree = "<group>"; };
		C45CFD852D074B790066FBD6 /* AuthenticationViewModel.swift */ = {isa = PBXFileReference; lastKnownFileType = sourcecode.swift; path = AuthenticationViewModel.swift; sourceTree = "<group>"; };
		C465B5092BFCED120059CF12 /* CustomModifiers.swift */ = {isa = PBXFileReference; lastKnownFileType = sourcecode.swift; path = CustomModifiers.swift; sourceTree = "<group>"; };
		C465B50D2BFCED700059CF12 /* LogInEmailView.swift */ = {isa = PBXFileReference; lastKnownFileType = sourcecode.swift; path = LogInEmailView.swift; sourceTree = "<group>"; };
		C465B50F2BFD29D30059CF12 /* Database.swift */ = {isa = PBXFileReference; lastKnownFileType = sourcecode.swift; path = Database.swift; sourceTree = "<group>"; };
		C465B5162BFD30480059CF12 /* DormitoriesManager.swift */ = {isa = PBXFileReference; lastKnownFileType = sourcecode.swift; path = DormitoriesManager.swift; sourceTree = "<group>"; };
		C49ED2272BEA864C0041CBE1 /* Dormitory.app */ = {isa = PBXFileReference; explicitFileType = wrapper.application; includeInIndex = 0; path = Dormitory.app; sourceTree = BUILT_PRODUCTS_DIR; };
		C49ED22A2BEA864C0041CBE1 /* DormitoryApp.swift */ = {isa = PBXFileReference; lastKnownFileType = sourcecode.swift; path = DormitoryApp.swift; sourceTree = "<group>"; };
		C49ED22E2BEA864E0041CBE1 /* Assets.xcassets */ = {isa = PBXFileReference; lastKnownFileType = folder.assetcatalog; path = Assets.xcassets; sourceTree = "<group>"; };
		C49ED2312BEA864E0041CBE1 /* Preview Assets.xcassets */ = {isa = PBXFileReference; lastKnownFileType = folder.assetcatalog; path = "Preview Assets.xcassets"; sourceTree = "<group>"; };
		C49ED23A2BEA891A0041CBE1 /* GoogleService-Info.plist */ = {isa = PBXFileReference; fileEncoding = 4; lastKnownFileType = text.plist.xml; path = "GoogleService-Info.plist"; sourceTree = "<group>"; };
		C4CA590D2C020D4400B53241 /* RequestRow.swift */ = {isa = PBXFileReference; lastKnownFileType = sourcecode.swift; path = RequestRow.swift; sourceTree = "<group>"; };
		C4CA590F2C020D7200B53241 /* RequestViewModel.swift */ = {isa = PBXFileReference; lastKnownFileType = sourcecode.swift; path = RequestViewModel.swift; sourceTree = "<group>"; };
		C4CA59112C020F0400B53241 /* NewRequestView.swift */ = {isa = PBXFileReference; lastKnownFileType = sourcecode.swift; path = NewRequestView.swift; sourceTree = "<group>"; };
		C4CA59132C021B9400B53241 /* ProfileViewModel.swift */ = {isa = PBXFileReference; lastKnownFileType = sourcecode.swift; path = ProfileViewModel.swift; sourceTree = "<group>"; };
/* End PBXFileReference section */

/* Begin PBXFrameworksBuildPhase section */
		C49ED2242BEA864C0041CBE1 /* Frameworks */ = {
			isa = PBXFrameworksBuildPhase;
			buildActionMask = 2147483647;
			files = (
				C46FCBD42BF38BA0007B6E18 /* FirebaseFirestoreSwift in Frameworks */,
				C46FCBCE2BF38BA0007B6E18 /* FirebaseAnalyticsSwift in Frameworks */,
				C46FCBD22BF38BA0007B6E18 /* FirebaseFirestore in Frameworks */,
				C46FCBD02BF38BA0007B6E18 /* FirebaseAuth in Frameworks */,
				C46FCBCC2BF38BA0007B6E18 /* FirebaseAnalytics in Frameworks */,
			);
			runOnlyForDeploymentPostprocessing = 0;
		};
/* End PBXFrameworksBuildPhase section */

/* Begin PBXGroup section */
		C4477EB22BFDEEE000600F57 /* Notifications */ = {
			isa = PBXGroup;
			children = (
				C4477EB32BFDEEF600600F57 /* AdminNotificationView.swift */,
				C4477EC32C00F69800600F57 /* UserNotificationView.swift */,
				C4477EC82C01015A00600F57 /* NotificationsViewModel.swift */,
				C4477EC52C00F99C00600F57 /* Subviews */,
			);
			path = Notifications;
			sourceTree = "<group>";
		};
		C4477EC52C00F99C00600F57 /* Subviews */ = {
			isa = PBXGroup;
			children = (
				C4477EC62C00F9AD00600F57 /* NotificationRow.swift */,
				C4477EBE2BFF9A5200600F57 /* NewNotificationView.swift */,
			);
			path = Subviews;
			sourceTree = "<group>";
		};
		C4477ECE2C02024B00600F57 /* Requests */ = {
			isa = PBXGroup;
			children = (
				C4477ECF2C02026300600F57 /* RequestView.swift */,
				C4CA590F2C020D7200B53241 /* RequestViewModel.swift */,
				C457FE5D2C0332A9002DE4EF /* Subviews */,
			);
			path = Requests;
			sourceTree = "<group>";
		};
		C457FE5D2C0332A9002DE4EF /* Subviews */ = {
			isa = PBXGroup;
			children = (
				C4CA590D2C020D4400B53241 /* RequestRow.swift */,
				C4CA59112C020F0400B53241 /* NewRequestView.swift */,
			);
			path = Subviews;
			sourceTree = "<group>";
		};
		C45CC6AC2BFCBC2000A19317 /* Core */ = {
			isa = PBXGroup;
			children = (
				C45A95E62BF6877F0048B93B /* RootView.swift */,
				C438D8AE2D084DA900EEBB45 /* TestView.swift */,
				C45CFD832D0747490066FBD6 /* RootViewModel.swift */,
				C45CC6B02BFCBCC800A19317 /* Authentication */,
				C4477EB22BFDEEE000600F57 /* Notifications */,
				C4477ECE2C02024B00600F57 /* Requests */,
				C45CC6B62BFCBDD000A19317 /* Profile */,
				C45CC6AD2BFCBC7900A19317 /* Settings */,
				C465B5082BFCECF30059CF12 /* Utilities */,
			);
			path = Core;
			sourceTree = "<group>";
		};
		C45CC6AD2BFCBC7900A19317 /* Settings */ = {
			isa = PBXGroup;
			children = (
				C45A95E82BF6905D0048B93B /* SettingsView.swift */,
				C45CC6AE2BFCBC9C00A19317 /* SettingsViewModel.swift */,
			);
			path = Settings;
			sourceTree = "<group>";
		};
		C45CC6B02BFCBCC800A19317 /* Authentication */ = {
			isa = PBXGroup;
			children = (
				C465B50D2BFCED700059CF12 /* LogInEmailView.swift */,
				C45A95DE2BF5DF3A0048B93B /* SignUpEmailView.swift */,
				C45CFD852D074B790066FBD6 /* AuthenticationViewModel.swift */,
			);
			path = Authentication;
			sourceTree = "<group>";
		};
		C45CC6B62BFCBDD000A19317 /* Profile */ = {
			isa = PBXGroup;
			children = (
				C45CC6B72BFCBDF400A19317 /* ProfileView.swift */,
				C4CA59132C021B9400B53241 /* ProfileViewModel.swift */,
			);
			path = Profile;
			sourceTree = "<group>";
		};
		C45CC6B92BFCC1CF00A19317 /* Firestore */ = {
			isa = PBXGroup;
			children = (
				C45A95E42BF646D20048B93B /* AuthManager.swift */,
				C45CC6BA2BFCC20000A19317 /* UserManager.swift */,
				C465B5162BFD30480059CF12 /* DormitoriesManager.swift */,
				C4477EBC2BFE4AE900600F57 /* NotificationManager.swift */,
				C4477ECC2C01CF8500600F57 /* RequestManager.swift */,
			);
			path = Firestore;
			sourceTree = "<group>";
		};
		C465B5082BFCECF30059CF12 /* Utilities */ = {
			isa = PBXGroup;
			children = (
				C465B50F2BFD29D30059CF12 /* Database.swift */,
				C457FE5B2C032B67002DE4EF /* DormitoryEnums.swift */,
				C465B5092BFCED120059CF12 /* CustomModifiers.swift */,
			);
			path = Utilities;
			sourceTree = "<group>";
		};
		C49ED21E2BEA864C0041CBE1 = {
			isa = PBXGroup;
			children = (
				C49ED2292BEA864C0041CBE1 /* Dormitory */,
				C49ED2282BEA864C0041CBE1 /* Products */,
			);
			sourceTree = "<group>";
		};
		C49ED2282BEA864C0041CBE1 /* Products */ = {
			isa = PBXGroup;
			children = (
				C49ED2272BEA864C0041CBE1 /* Dormitory.app */,
			);
			name = Products;
			sourceTree = "<group>";
		};
		C49ED2292BEA864C0041CBE1 /* Dormitory */ = {
			isa = PBXGroup;
			children = (
				C49ED22A2BEA864C0041CBE1 /* DormitoryApp.swift */,
				C45CC6AC2BFCBC2000A19317 /* Core */,
				C45CC6B92BFCC1CF00A19317 /* Firestore */,
				C49ED23A2BEA891A0041CBE1 /* GoogleService-Info.plist */,
				C49ED22E2BEA864E0041CBE1 /* Assets.xcassets */,
				C49ED2302BEA864E0041CBE1 /* Preview Content */,
			);
			path = Dormitory;
			sourceTree = "<group>";
		};
		C49ED2302BEA864E0041CBE1 /* Preview Content */ = {
			isa = PBXGroup;
			children = (
				C49ED2312BEA864E0041CBE1 /* Preview Assets.xcassets */,
			);
			path = "Preview Content";
			sourceTree = "<group>";
		};
/* End PBXGroup section */

/* Begin PBXNativeTarget section */
		C49ED2262BEA864C0041CBE1 /* Dormitory */ = {
			isa = PBXNativeTarget;
			buildConfigurationList = C49ED2352BEA864E0041CBE1 /* Build configuration list for PBXNativeTarget "Dormitory" */;
			buildPhases = (
				C49ED2232BEA864C0041CBE1 /* Sources */,
				C49ED2242BEA864C0041CBE1 /* Frameworks */,
				C49ED2252BEA864C0041CBE1 /* Resources */,
			);
			buildRules = (
			);
			dependencies = (
			);
			name = Dormitory;
			packageProductDependencies = (
				C46FCBCB2BF38BA0007B6E18 /* FirebaseAnalytics */,
				C46FCBCD2BF38BA0007B6E18 /* FirebaseAnalyticsSwift */,
				C46FCBCF2BF38BA0007B6E18 /* FirebaseAuth */,
				C46FCBD12BF38BA0007B6E18 /* FirebaseFirestore */,
				C46FCBD32BF38BA0007B6E18 /* FirebaseFirestoreSwift */,
			);
			productName = Dormitory;
			productReference = C49ED2272BEA864C0041CBE1 /* Dormitory.app */;
			productType = "com.apple.product-type.application";
		};
/* End PBXNativeTarget section */

/* Begin PBXProject section */
		C49ED21F2BEA864C0041CBE1 /* Project object */ = {
			isa = PBXProject;
			attributes = {
				BuildIndependentTargetsInParallel = 1;
				LastSwiftUpdateCheck = 1530;
				LastUpgradeCheck = 1530;
				TargetAttributes = {
					C49ED2262BEA864C0041CBE1 = {
						CreatedOnToolsVersion = 15.3;
					};
				};
			};
			buildConfigurationList = C49ED2222BEA864C0041CBE1 /* Build configuration list for PBXProject "Dormitory" */;
			compatibilityVersion = "Xcode 14.0";
			developmentRegion = en;
			hasScannedForEncodings = 0;
			knownRegions = (
				en,
				Base,
			);
			mainGroup = C49ED21E2BEA864C0041CBE1;
			packageReferences = (
				C46FCBCA2BF38BA0007B6E18 /* XCRemoteSwiftPackageReference "firebase-ios-sdk" */,
			);
			productRefGroup = C49ED2282BEA864C0041CBE1 /* Products */;
			projectDirPath = "";
			projectRoot = "";
			targets = (
				C49ED2262BEA864C0041CBE1 /* Dormitory */,
			);
		};
/* End PBXProject section */

/* Begin PBXResourcesBuildPhase section */
		C49ED2252BEA864C0041CBE1 /* Resources */ = {
			isa = PBXResourcesBuildPhase;
			buildActionMask = 2147483647;
			files = (
				C49ED2322BEA864E0041CBE1 /* Preview Assets.xcassets in Resources */,
				C49ED22F2BEA864E0041CBE1 /* Assets.xcassets in Resources */,
				C49ED23B2BEA891B0041CBE1 /* GoogleService-Info.plist in Resources */,
			);
			runOnlyForDeploymentPostprocessing = 0;
		};
/* End PBXResourcesBuildPhase section */

/* Begin PBXSourcesBuildPhase section */
		C49ED2232BEA864C0041CBE1 /* Sources */ = {
			isa = PBXSourcesBuildPhase;
			buildActionMask = 2147483647;
			files = (
				C438D8AF2D084DA900EEBB45 /* TestView.swift in Sources */,
				C45A95E92BF6905D0048B93B /* SettingsView.swift in Sources */,
				C465B50E2BFCED700059CF12 /* LogInEmailView.swift in Sources */,
				C457FE5C2C032B67002DE4EF /* DormitoryEnums.swift in Sources */,
				C4477EBF2BFF9A5200600F57 /* NewNotificationView.swift in Sources */,
				C4477ECD2C01CF8500600F57 /* RequestManager.swift in Sources */,
				C4477EC92C01015A00600F57 /* NotificationsViewModel.swift in Sources */,
				C45A95E72BF6877F0048B93B /* RootView.swift in Sources */,
				C4477EC72C00F9AD00600F57 /* NotificationRow.swift in Sources */,
				C49ED22B2BEA864C0041CBE1 /* DormitoryApp.swift in Sources */,
				C45CC6BB2BFCC20000A19317 /* UserManager.swift in Sources */,
				C4477ED02C02026300600F57 /* RequestView.swift in Sources */,
				C465B5102BFD29D30059CF12 /* Database.swift in Sources */,
				C45A95DF2BF5DF3A0048B93B /* SignUpEmailView.swift in Sources */,
				C465B5172BFD30480059CF12 /* DormitoriesManager.swift in Sources */,
				C465B50A2BFCED120059CF12 /* CustomModifiers.swift in Sources */,
				C45CFD862D074B790066FBD6 /* AuthenticationViewModel.swift in Sources */,
				C4CA59122C020F0400B53241 /* NewRequestView.swift in Sources */,
				C4CA590E2C020D4400B53241 /* RequestRow.swift in Sources */,
				C45A95E52BF646D20048B93B /* AuthManager.swift in Sources */,
				C4477EBD2BFE4AE900600F57 /* NotificationManager.swift in Sources */,
				C4CA59142C021B9400B53241 /* ProfileViewModel.swift in Sources */,
				C4477EC42C00F69800600F57 /* UserNotificationView.swift in Sources */,
				C45CC6B82BFCBDF400A19317 /* ProfileView.swift in Sources */,
				C45CC6AF2BFCBC9C00A19317 /* SettingsViewModel.swift in Sources */,
				C4CA59102C020D7200B53241 /* RequestViewModel.swift in Sources */,
				C45CFD842D0747490066FBD6 /* RootViewModel.swift in Sources */,
				C4477EB42BFDEEF600600F57 /* AdminNotificationView.swift in Sources */,
			);
			runOnlyForDeploymentPostprocessing = 0;
		};
/* End PBXSourcesBuildPhase section */

/* Begin XCBuildConfiguration section */
		C49ED2332BEA864E0041CBE1 /* Debug */ = {
			isa = XCBuildConfiguration;
			buildSettings = {
				ALWAYS_SEARCH_USER_PATHS = NO;
				ASSETCATALOG_COMPILER_GENERATE_SWIFT_ASSET_SYMBOL_EXTENSIONS = YES;
				CLANG_ANALYZER_NONNULL = YES;
				CLANG_ANALYZER_NUMBER_OBJECT_CONVERSION = YES_AGGRESSIVE;
				CLANG_CXX_LANGUAGE_STANDARD = "gnu++20";
				CLANG_ENABLE_MODULES = YES;
				CLANG_ENABLE_OBJC_ARC = YES;
				CLANG_ENABLE_OBJC_WEAK = YES;
				CLANG_WARN_BLOCK_CAPTURE_AUTORELEASING = YES;
				CLANG_WARN_BOOL_CONVERSION = YES;
				CLANG_WARN_COMMA = YES;
				CLANG_WARN_CONSTANT_CONVERSION = YES;
				CLANG_WARN_DEPRECATED_OBJC_IMPLEMENTATIONS = YES;
				CLANG_WARN_DIRECT_OBJC_ISA_USAGE = YES_ERROR;
				CLANG_WARN_DOCUMENTATION_COMMENTS = YES;
				CLANG_WARN_EMPTY_BODY = YES;
				CLANG_WARN_ENUM_CONVERSION = YES;
				CLANG_WARN_INFINITE_RECURSION = YES;
				CLANG_WARN_INT_CONVERSION = YES;
				CLANG_WARN_NON_LITERAL_NULL_CONVERSION = YES;
				CLANG_WARN_OBJC_IMPLICIT_RETAIN_SELF = YES;
				CLANG_WARN_OBJC_LITERAL_CONVERSION = YES;
				CLANG_WARN_OBJC_ROOT_CLASS = YES_ERROR;
				CLANG_WARN_QUOTED_INCLUDE_IN_FRAMEWORK_HEADER = YES;
				CLANG_WARN_RANGE_LOOP_ANALYSIS = YES;
				CLANG_WARN_STRICT_PROTOTYPES = YES;
				CLANG_WARN_SUSPICIOUS_MOVE = YES;
				CLANG_WARN_UNGUARDED_AVAILABILITY = YES_AGGRESSIVE;
				CLANG_WARN_UNREACHABLE_CODE = YES;
				CLANG_WARN__DUPLICATE_METHOD_MATCH = YES;
				COPY_PHASE_STRIP = NO;
				DEBUG_INFORMATION_FORMAT = dwarf;
				ENABLE_STRICT_OBJC_MSGSEND = YES;
				ENABLE_TESTABILITY = YES;
				ENABLE_USER_SCRIPT_SANDBOXING = YES;
				GCC_C_LANGUAGE_STANDARD = gnu17;
				GCC_DYNAMIC_NO_PIC = NO;
				GCC_NO_COMMON_BLOCKS = YES;
				GCC_OPTIMIZATION_LEVEL = 0;
				GCC_PREPROCESSOR_DEFINITIONS = (
					"DEBUG=1",
					"$(inherited)",
				);
				GCC_WARN_64_TO_32_BIT_CONVERSION = YES;
				GCC_WARN_ABOUT_RETURN_TYPE = YES_ERROR;
				GCC_WARN_UNDECLARED_SELECTOR = YES;
				GCC_WARN_UNINITIALIZED_AUTOS = YES_AGGRESSIVE;
				GCC_WARN_UNUSED_FUNCTION = YES;
				GCC_WARN_UNUSED_VARIABLE = YES;
				IPHONEOS_DEPLOYMENT_TARGET = 17.4;
				LOCALIZATION_PREFERS_STRING_CATALOGS = YES;
				MTL_ENABLE_DEBUG_INFO = INCLUDE_SOURCE;
				MTL_FAST_MATH = YES;
				ONLY_ACTIVE_ARCH = YES;
				SDKROOT = iphoneos;
				SWIFT_ACTIVE_COMPILATION_CONDITIONS = "DEBUG $(inherited)";
				SWIFT_OPTIMIZATION_LEVEL = "-Onone";
			};
			name = Debug;
		};
		C49ED2342BEA864E0041CBE1 /* Release */ = {
			isa = XCBuildConfiguration;
			buildSettings = {
				ALWAYS_SEARCH_USER_PATHS = NO;
				ASSETCATALOG_COMPILER_GENERATE_SWIFT_ASSET_SYMBOL_EXTENSIONS = YES;
				CLANG_ANALYZER_NONNULL = YES;
				CLANG_ANALYZER_NUMBER_OBJECT_CONVERSION = YES_AGGRESSIVE;
				CLANG_CXX_LANGUAGE_STANDARD = "gnu++20";
				CLANG_ENABLE_MODULES = YES;
				CLANG_ENABLE_OBJC_ARC = YES;
				CLANG_ENABLE_OBJC_WEAK = YES;
				CLANG_WARN_BLOCK_CAPTURE_AUTORELEASING = YES;
				CLANG_WARN_BOOL_CONVERSION = YES;
				CLANG_WARN_COMMA = YES;
				CLANG_WARN_CONSTANT_CONVERSION = YES;
				CLANG_WARN_DEPRECATED_OBJC_IMPLEMENTATIONS = YES;
				CLANG_WARN_DIRECT_OBJC_ISA_USAGE = YES_ERROR;
				CLANG_WARN_DOCUMENTATION_COMMENTS = YES;
				CLANG_WARN_EMPTY_BODY = YES;
				CLANG_WARN_ENUM_CONVERSION = YES;
				CLANG_WARN_INFINITE_RECURSION = YES;
				CLANG_WARN_INT_CONVERSION = YES;
				CLANG_WARN_NON_LITERAL_NULL_CONVERSION = YES;
				CLANG_WARN_OBJC_IMPLICIT_RETAIN_SELF = YES;
				CLANG_WARN_OBJC_LITERAL_CONVERSION = YES;
				CLANG_WARN_OBJC_ROOT_CLASS = YES_ERROR;
				CLANG_WARN_QUOTED_INCLUDE_IN_FRAMEWORK_HEADER = YES;
				CLANG_WARN_RANGE_LOOP_ANALYSIS = YES;
				CLANG_WARN_STRICT_PROTOTYPES = YES;
				CLANG_WARN_SUSPICIOUS_MOVE = YES;
				CLANG_WARN_UNGUARDED_AVAILABILITY = YES_AGGRESSIVE;
				CLANG_WARN_UNREACHABLE_CODE = YES;
				CLANG_WARN__DUPLICATE_METHOD_MATCH = YES;
				COPY_PHASE_STRIP = NO;
				DEBUG_INFORMATION_FORMAT = "dwarf-with-dsym";
				ENABLE_NS_ASSERTIONS = NO;
				ENABLE_STRICT_OBJC_MSGSEND = YES;
				ENABLE_USER_SCRIPT_SANDBOXING = YES;
				GCC_C_LANGUAGE_STANDARD = gnu17;
				GCC_NO_COMMON_BLOCKS = YES;
				GCC_WARN_64_TO_32_BIT_CONVERSION = YES;
				GCC_WARN_ABOUT_RETURN_TYPE = YES_ERROR;
				GCC_WARN_UNDECLARED_SELECTOR = YES;
				GCC_WARN_UNINITIALIZED_AUTOS = YES_AGGRESSIVE;
				GCC_WARN_UNUSED_FUNCTION = YES;
				GCC_WARN_UNUSED_VARIABLE = YES;
				IPHONEOS_DEPLOYMENT_TARGET = 17.4;
				LOCALIZATION_PREFERS_STRING_CATALOGS = YES;
				MTL_ENABLE_DEBUG_INFO = NO;
				MTL_FAST_MATH = YES;
				SDKROOT = iphoneos;
				SWIFT_COMPILATION_MODE = wholemodule;
				VALIDATE_PRODUCT = YES;
			};
			name = Release;
		};
		C49ED2362BEA864E0041CBE1 /* Debug */ = {
			isa = XCBuildConfiguration;
			buildSettings = {
				ASSETCATALOG_COMPILER_APPICON_NAME = AppIcon;
				ASSETCATALOG_COMPILER_GLOBAL_ACCENT_COLOR_NAME = AccentColor;
				CODE_SIGN_STYLE = Automatic;
				CURRENT_PROJECT_VERSION = 1;
				DEVELOPMENT_ASSET_PATHS = "\"Dormitory/Preview Content\"";
				DEVELOPMENT_TEAM = F2Z5AUR56U;
				ENABLE_PREVIEWS = YES;
				GENERATE_INFOPLIST_FILE = YES;
				INFOPLIST_KEY_UIApplicationSceneManifest_Generation = YES;
				INFOPLIST_KEY_UIApplicationSupportsIndirectInputEvents = YES;
				INFOPLIST_KEY_UILaunchScreen_Generation = YES;
				INFOPLIST_KEY_UISupportedInterfaceOrientations = UIInterfaceOrientationPortrait;
				INFOPLIST_KEY_UISupportedInterfaceOrientations_iPad = "UIInterfaceOrientationLandscapeLeft UIInterfaceOrientationLandscapeRight UIInterfaceOrientationPortrait UIInterfaceOrientationPortraitUpsideDown";
				IPHONEOS_DEPLOYMENT_TARGET = 16.0;
				LD_RUNPATH_SEARCH_PATHS = (
					"$(inherited)",
					"@executable_path/Frameworks",
				);
				MARKETING_VERSION = 1.0;
				PRODUCT_BUNDLE_IDENTIFIER = com.maxoliinyk.Dormitory;
				PRODUCT_NAME = "$(TARGET_NAME)";
				SWIFT_EMIT_LOC_STRINGS = YES;
				SWIFT_VERSION = 5.0;
				TARGETED_DEVICE_FAMILY = "1,2";
			};
			name = Debug;
		};
		C49ED2372BEA864E0041CBE1 /* Release */ = {
			isa = XCBuildConfiguration;
			buildSettings = {
				ASSETCATALOG_COMPILER_APPICON_NAME = AppIcon;
				ASSETCATALOG_COMPILER_GLOBAL_ACCENT_COLOR_NAME = AccentColor;
				CODE_SIGN_STYLE = Automatic;
				CURRENT_PROJECT_VERSION = 1;
				DEVELOPMENT_ASSET_PATHS = "\"Dormitory/Preview Content\"";
				DEVELOPMENT_TEAM = F2Z5AUR56U;
				ENABLE_PREVIEWS = YES;
				GENERATE_INFOPLIST_FILE = YES;
				INFOPLIST_KEY_UIApplicationSceneManifest_Generation = YES;
				INFOPLIST_KEY_UIApplicationSupportsIndirectInputEvents = YES;
				INFOPLIST_KEY_UILaunchScreen_Generation = YES;
				INFOPLIST_KEY_UISupportedInterfaceOrientations = UIInterfaceOrientationPortrait;
				INFOPLIST_KEY_UISupportedInterfaceOrientations_iPad = "UIInterfaceOrientationLandscapeLeft UIInterfaceOrientationLandscapeRight UIInterfaceOrientationPortrait UIInterfaceOrientationPortraitUpsideDown";
				IPHONEOS_DEPLOYMENT_TARGET = 16.0;
				LD_RUNPATH_SEARCH_PATHS = (
					"$(inherited)",
					"@executable_path/Frameworks",
				);
				MARKETING_VERSION = 1.0;
				PRODUCT_BUNDLE_IDENTIFIER = com.maxoliinyk.Dormitory;
				PRODUCT_NAME = "$(TARGET_NAME)";
				SWIFT_EMIT_LOC_STRINGS = YES;
				SWIFT_VERSION = 5.0;
				TARGETED_DEVICE_FAMILY = "1,2";
			};
			name = Release;
		};
/* End XCBuildConfiguration section */

/* Begin XCConfigurationList section */
		C49ED2222BEA864C0041CBE1 /* Build configuration list for PBXProject "Dormitory" */ = {
			isa = XCConfigurationList;
			buildConfigurations = (
				C49ED2332BEA864E0041CBE1 /* Debug */,
				C49ED2342BEA864E0041CBE1 /* Release */,
			);
			defaultConfigurationIsVisible = 0;
			defaultConfigurationName = Release;
		};
		C49ED2352BEA864E0041CBE1 /* Build configuration list for PBXNativeTarget "Dormitory" */ = {
			isa = XCConfigurationList;
			buildConfigurations = (
				C49ED2362BEA864E0041CBE1 /* Debug */,
				C49ED2372BEA864E0041CBE1 /* Release */,
			);
			defaultConfigurationIsVisible = 0;
			defaultConfigurationName = Release;
		};
/* End XCConfigurationList section */

/* Begin XCRemoteSwiftPackageReference section */
		C46FCBCA2BF38BA0007B6E18 /* XCRemoteSwiftPackageReference "firebase-ios-sdk" */ = {
			isa = XCRemoteSwiftPackageReference;
			repositoryURL = "https://github.com/firebase/firebase-ios-sdk";
			requirement = {
				kind = upToNextMajorVersion;
				minimumVersion = 10.26.0;
			};
		};
/* End XCRemoteSwiftPackageReference section */

/* Begin XCSwiftPackageProductDependency section */
		C46FCBCB2BF38BA0007B6E18 /* FirebaseAnalytics */ = {
			isa = XCSwiftPackageProductDependency;
			package = C46FCBCA2BF38BA0007B6E18 /* XCRemoteSwiftPackageReference "firebase-ios-sdk" */;
			productName = FirebaseAnalytics;
		};
		C46FCBCD2BF38BA0007B6E18 /* FirebaseAnalyticsSwift */ = {
			isa = XCSwiftPackageProductDependency;
			package = C46FCBCA2BF38BA0007B6E18 /* XCRemoteSwiftPackageReference "firebase-ios-sdk" */;
			productName = FirebaseAnalyticsSwift;
		};
		C46FCBCF2BF38BA0007B6E18 /* FirebaseAuth */ = {
			isa = XCSwiftPackageProductDependency;
			package = C46FCBCA2BF38BA0007B6E18 /* XCRemoteSwiftPackageReference "firebase-ios-sdk" */;
			productName = FirebaseAuth;
		};
		C46FCBD12BF38BA0007B6E18 /* FirebaseFirestore */ = {
			isa = XCSwiftPackageProductDependency;
			package = C46FCBCA2BF38BA0007B6E18 /* XCRemoteSwiftPackageReference "firebase-ios-sdk" */;
			productName = FirebaseFirestore;
		};
		C46FCBD32BF38BA0007B6E18 /* FirebaseFirestoreSwift */ = {
			isa = XCSwiftPackageProductDependency;
			package = C46FCBCA2BF38BA0007B6E18 /* XCRemoteSwiftPackageReference "firebase-ios-sdk" */;
			productName = FirebaseFirestoreSwift;
		};
/* End XCSwiftPackageProductDependency section */
	};
	rootObject = C49ED21F2BEA864C0041CBE1 /* Project object */;
}
